
Microsoft Visual Studio Solution File, Format Version 12.00
# Visual Studio Version 17
VisualStudioVersion = 17.2.32616.157
MinimumVisualStudioVersion = 10.0.40219.1
Project("{FAE04EC0-301F-11D3-BF4B-00C04F79EFBC}") = "EmployeeWebApp", "EmployeeWebApp\EmployeeWebApp.csproj", "{120A38FE-1E88-4237-A426-AAEC3F672ADD}"
EndProject
Global
	GlobalSection(SolutionConfigurationPlatforms) = preSolution
		Debug|Any CPU = Debug|Any CPU
		Release|Any CPU = Release|Any CPU
	EndGlobalSection
	GlobalSection(ProjectConfigurationPlatforms) = postSolution
		{120A38FE-1E88-4237-A426-AAEC3F672ADD}.Debug|Any CPU.ActiveCfg = Debug|Any CPU
		{120A38FE-1E88-4237-A426-AAEC3F672ADD}.Debug|Any CPU.Build.0 = Debug|Any CPU
		{120A38FE-1E88-4237-A426-AAEC3F672ADD}.Release|Any CPU.ActiveCfg = Release|Any CPU
		{120A38FE-1E88-4237-A426-AAEC3F672ADD}.Release|Any CPU.Build.0 = Release|Any CPU
	EndGlobalSection
	GlobalSection(SolutionProperties) = preSolution
		HideSolutionNode = FALSE
	EndGlobalSection
	GlobalSection(ExtensibilityGlobals) = postSolution
		SolutionGuid = {5AB836C5-C8E8-460A-922E-2C2DF871ADE4}
	EndGlobalSection
EndGlobal
